
Microsoft Visual Studio Solution File, Format Version 12.00
# Visual Studio Version 16
VisualStudioVersion = 16.0.30320.27
MinimumVisualStudioVersion = 10.0.40219.1
Project("{FAE04EC0-301F-11D3-BF4B-00C04F79EFBC}") = "CountDays__OOP", "CountDays__OOP\CountDays__OOP.csproj", "{1D271D76-330A-4B61-87D1-280F4BE9D426}"
EndProject
Global
	GlobalSection(SolutionConfigurationPlatforms) = preSolution
		Debug|Any CPU = Debug|Any CPU
		Release|Any CPU = Release|Any CPU
	EndGlobalSection
	GlobalSection(ProjectConfigurationPlatforms) = postSolution
		{1D271D76-330A-4B61-87D1-280F4BE9D426}.Debug|Any CPU.ActiveCfg = Debug|Any CPU
		{1D271D76-330A-4B61-87D1-280F4BE9D426}.Debug|Any CPU.Build.0 = Debug|Any CPU
		{1D271D76-330A-4B61-87D1-280F4BE9D426}.Release|Any CPU.ActiveCfg = Release|Any CPU
		{1D271D76-330A-4B61-87D1-280F4BE9D426}.Release|Any CPU.Build.0 = Release|Any CPU
	EndGlobalSection
	GlobalSection(SolutionProperties) = preSolution
		HideSolutionNode = FALSE
	EndGlobalSection
	GlobalSection(ExtensibilityGlobals) = postSolution
		SolutionGuid = {33B39857-2E09-4521-B22F-934E4C6B3558}
	EndGlobalSection
EndGlobal
